
Microsoft Visual Studio Solution File, Format Version 11.00
# Visual Studio 2010
Project("{FAE04EC0-301F-11D3-BF4B-00C04F79EFBC}") = "Simple Pet Game", "com.unity.postprocessing.Runtime.csproj", "{8699E98C-6836-642C-2F33-A4D70159554A}"
EndProject
Project("{FAE04EC0-301F-11D3-BF4B-00C04F79EFBC}") = "Simple Pet Game", "Assembly-CSharp.csproj", "{F06549E0-4AAF-DEFB-24FA-53FDE4F6B4D9}"
EndProject
Project("{FAE04EC0-301F-11D3-BF4B-00C04F79EFBC}") = "Simple Pet Game", "com.unity.postprocessing.Editor.csproj", "{38968AC6-974F-07EB-A25F-13910798183C}"
EndProject
Global
	GlobalSection(SolutionConfigurationPlatforms) = preSolution
		Debug|Any CPU = Debug|Any CPU
		Release|Any CPU = Release|Any CPU
	EndGlobalSection
	GlobalSection(ProjectConfigurationPlatforms) = postSolution
		{8699E98C-6836-642C-2F33-A4D70159554A}.Debug|Any CPU.ActiveCfg = Debug|Any CPU
		{8699E98C-6836-642C-2F33-A4D70159554A}.Debug|Any CPU.Build.0 = Debug|Any CPU
		{8699E98C-6836-642C-2F33-A4D70159554A}.Release|Any CPU.ActiveCfg = Release|Any CPU
		{8699E98C-6836-642C-2F33-A4D70159554A}.Release|Any CPU.Build.0 = Release|Any CPU
		{F06549E0-4AAF-DEFB-24FA-53FDE4F6B4D9}.Debug|Any CPU.ActiveCfg = Debug|Any CPU
		{F06549E0-4AAF-DEFB-24FA-53FDE4F6B4D9}.Debug|Any CPU.Build.0 = Debug|Any CPU
		{F06549E0-4AAF-DEFB-24FA-53FDE4F6B4D9}.Release|Any CPU.ActiveCfg = Release|Any CPU
		{F06549E0-4AAF-DEFB-24FA-53FDE4F6B4D9}.Release|Any CPU.Build.0 = Release|Any CPU
		{38968AC6-974F-07EB-A25F-13910798183C}.Debug|Any CPU.ActiveCfg = Debug|Any CPU
		{38968AC6-974F-07EB-A25F-13910798183C}.Debug|Any CPU.Build.0 = Debug|Any CPU
		{38968AC6-974F-07EB-A25F-13910798183C}.Release|Any CPU.ActiveCfg = Release|Any CPU
		{38968AC6-974F-07EB-A25F-13910798183C}.Release|Any CPU.Build.0 = Release|Any CPU
	EndGlobalSection
	GlobalSection(SolutionProperties) = preSolution
		HideSolutionNode = FALSE
	EndGlobalSection
	GlobalSection(MonoDevelopProperties) = preSolution
		StartupItem = Assembly-CSharp.csproj
	EndGlobalSection
EndGlobal
